{
    "_readme": [
        "This file locks the dependencies of your project to a known state",
        "Read more about it at https://getcomposer.org/doc/01-basic-usage.md#installing-dependencies",
        "This file is @generated automatically"
    ],
    "content-hash": "b26fe11e5db1e2590448244f1a85832d",
    "packages": [
        {
            "name": "micheldiemer/mbstring",
            "version": "1.0.0-beta4",
            "source": {
                "type": "git",
                "url": "https://github.com/micheldiemer/php-composer-mbstring.git",
                "reference": "33525dd1b600e8159d8c2cb100966bd64123ac73"
            },
            "dist": {
                "type": "zip",
                "url": "https://api.github.com/repos/micheldiemer/php-composer-mbstring/zipball/33525dd1b600e8159d8c2cb100966bd64123ac73",
                "reference": "33525dd1b600e8159d8c2cb100966bd64123ac73",
                "shasum": ""
            },
            "require": {
                "ext-mbstring": "*",
                "php": ">=8.1"
            },
            "type": "library",
            "autoload": {
                "files": [
                    "src/mbstring.php"
                ]
            },
            "notification-url": "https://packagist.org/downloads/",
            "license": [
                "MIT"
            ],
            "authors": [
                {
                    "name": "Michel Diemer",
                    "email": "michel.diemer@yahoo.fr"
                }
            ],
            "description": "Complementary functions for the mbstring extension",
            "support": {
                "issues": "https://github.com/micheldiemer/php-composer-mbstring/issues",
                "source": "https://github.com/micheldiemer/php-composer-mbstring/tree/1.0.0-beta4"
            },
            "time": "2025-03-25T21:55:37+00:00"
        }
    ],
    "packages-dev": [],
    "aliases": [],
    "minimum-stability": "beta",
    "stability-flags": {},
    "prefer-stable": false,
    "prefer-lowest": false,
    "platform": {
        "php": ">=8.1"
    },
    "platform-dev": {},
    "plugin-api-version": "2.6.0"
}
